
Microsoft Visual Studio Solution File, Format Version 12.00
# Visual Studio Version 17
VisualStudioVersion = 17.5.33530.505
MinimumVisualStudioVersion = 10.0.40219.1
Project("{FAE04EC0-301F-11D3-BF4B-00C04F79EFBC}") = "ConsoleApp48", "ConsoleApp48.csproj", "{5C24F3C9-9D5F-4835-B270-31A1B23B5504}"
EndProject
Global
	GlobalSection(SolutionConfigurationPlatforms) = preSolution
		Debug|Any CPU = Debug|Any CPU
		Release|Any CPU = Release|Any CPU
	EndGlobalSection
	GlobalSection(ProjectConfigurationPlatforms) = postSolution
		{5C24F3C9-9D5F-4835-B270-31A1B23B5504}.Debug|Any CPU.ActiveCfg = Debug|Any CPU
		{5C24F3C9-9D5F-4835-B270-31A1B23B5504}.Debug|Any CPU.Build.0 = Debug|Any CPU
		{5C24F3C9-9D5F-4835-B270-31A1B23B5504}.Release|Any CPU.ActiveCfg = Release|Any CPU
		{5C24F3C9-9D5F-4835-B270-31A1B23B5504}.Release|Any CPU.Build.0 = Release|Any CPU
	EndGlobalSection
	GlobalSection(SolutionProperties) = preSolution
		HideSolutionNode = FALSE
	EndGlobalSection
	GlobalSection(ExtensibilityGlobals) = postSolution
		SolutionGuid = {DEE1D0DB-CB9C-4EE7-823F-CEB944C54307}
	EndGlobalSection
EndGlobal
